{
  "version": 4,
  "terraform_version": "1.3.1",
  "serial": 346,
  "lineage": "58ff5cab-bf9a-1b4b-30a3-c974caac0138",
  "outputs": {
    "out_vpn_url_access": {
      "value": "https://54.90.132.252:943/admin",
      "type": "string"
    }
  },
  "resources": [
    {
      "module": "module.secrets",
      "mode": "managed",
      "type": "aws_secretsmanager_secret",
      "name": "vpn_credentials",
      "provider": "provider[\"registry.terraform.io/hashicorp/aws\"]",
      "instances": [
        {
          "schema_version": 0,
          "attributes": {
            "arn": "arn:aws:secretsmanager:us-east-1:321705742405:secret:/develop/ec2/openvpn/credentials-KsdLYU",
            "description": "",
            "force_overwrite_replica_secret": false,
            "id": "arn:aws:secretsmanager:us-east-1:321705742405:secret:/develop/ec2/openvpn/credentials-KsdLYU",
            "kms_key_id": "",
            "name": "/develop/ec2/openvpn/credentials",
            "name_prefix": "",
            "policy": "",
            "recovery_window_in_days": 0,
            "replica": [],
            "rotation_enabled": false,
            "rotation_lambda_arn": "",
            "rotation_rules": [],
            "tags": {},
            "tags_all": {}
          },
          "sensitive_attributes": [],
          "private": "bnVsbA=="
        }
      ]
    },
    {
      "module": "module.secrets",
      "mode": "managed",
      "type": "aws_secretsmanager_secret",
      "name": "vpn_server_pem",
      "provider": "provider[\"registry.terraform.io/hashicorp/aws\"]",
      "instances": [
        {
          "schema_version": 0,
          "attributes": {
            "arn": "arn:aws:secretsmanager:us-east-1:321705742405:secret:/develop/ec2/openvpn/pem-WA5kLZ",
            "description": "",
            "force_overwrite_replica_secret": false,
            "id": "arn:aws:secretsmanager:us-east-1:321705742405:secret:/develop/ec2/openvpn/pem-WA5kLZ",
            "kms_key_id": "",
            "name": "/develop/ec2/openvpn/pem",
            "name_prefix": "",
            "policy": "",
            "recovery_window_in_days": 0,
            "replica": [],
            "rotation_enabled": false,
            "rotation_lambda_arn": "",
            "rotation_rules": [],
            "tags": {},
            "tags_all": {}
          },
          "sensitive_attributes": [],
          "private": "bnVsbA=="
        }
      ]
    },
    {
      "module": "module.secrets",
      "mode": "managed",
      "type": "aws_secretsmanager_secret_version",
      "name": "vpn_credentials_version",
      "provider": "provider[\"registry.terraform.io/hashicorp/aws\"]",
      "instances": [
        {
          "schema_version": 0,
          "attributes": {
            "arn": "arn:aws:secretsmanager:us-east-1:321705742405:secret:/develop/ec2/openvpn/credentials-KsdLYU",
            "id": "arn:aws:secretsmanager:us-east-1:321705742405:secret:/develop/ec2/openvpn/credentials-KsdLYU|3B129251-6BB4-4C42-A9D4-01893096F867",
            "secret_binary": "",
            "secret_id": "arn:aws:secretsmanager:us-east-1:321705742405:secret:/develop/ec2/openvpn/credentials-KsdLYU",
            "secret_string": "   {\n    \"username\": \"openvpn-sambatech-user\",\n    \"password\": \"DCL0ci2sUzPIn2nn\"\n   }\n",
            "version_id": "3B129251-6BB4-4C42-A9D4-01893096F867",
            "version_stages": [
              "AWSCURRENT"
            ]
          },
          "sensitive_attributes": [
            [
              {
                "type": "get_attr",
                "value": "secret_string"
              }
            ]
          ],
          "private": "bnVsbA==",
          "dependencies": [
            "module.secrets.aws_secretsmanager_secret.vpn_credentials",
            "module.vpn.random_password.password"
          ]
        }
      ]
    },
    {
      "module": "module.secrets",
      "mode": "managed",
      "type": "aws_secretsmanager_secret_version",
      "name": "vpn_server_pem_version",
      "provider": "provider[\"registry.terraform.io/hashicorp/aws\"]",
      "instances": [
        {
          "schema_version": 0,
          "attributes": {
            "arn": "arn:aws:secretsmanager:us-east-1:321705742405:secret:/develop/ec2/openvpn/pem-WA5kLZ",
            "id": "arn:aws:secretsmanager:us-east-1:321705742405:secret:/develop/ec2/openvpn/pem-WA5kLZ|3C3F3866-F987-4BE7-B1EC-0F380C6239BD",
            "secret_binary": "",
            "secret_id": "arn:aws:secretsmanager:us-east-1:321705742405:secret:/develop/ec2/openvpn/pem-WA5kLZ",
            "secret_string": "-----BEGIN RSA PRIVATE KEY-----\nMIIJKAIBAAKCAgEA0BqzA3EVNZAPBFYJjJbMRlg+xyvogAiwulgMFIDfew2vAe45\nLz0RJ9+7IS5rX5r5/dXByDC4iQ26W02abF3i8+oXqn2nTbNgiRnyKsiWhR+FoP/0\nBD2FnxLoz3WZzFMrA6Mr2phXNyKmDbelguQEBsF8qMXp9kDg0FgIIXWKpIFqftJt\n3q3JX8wndv4ekn5QkIe3jOQz9TKEAAWr1SgJx1LZ9pCuaXHmfbjw7rE+3FpmIZGb\nbSeoNA5HTHrQDoOq9yiiWa7eghA3frW/NM5VyBlMlOICB4tcsS+CTY8WSGds32H8\nQEL24f3lmfbkUjAOW6AZp9CJbxbKJP2554zMIIkLExwDn+RdfA14XeSPg6Nkox3M\nbqrkSQFUA+xT7PhkCVcl8ndCeE0WfkdrglR1u8znJieSqACS39TcqmJHaL5dZ8pW\nTEQDG8Eg/0iT6JtyLdrNkRODXY7q92hN18v5Nqa2BX5B8ua2+u/k3qi8B+PV4EJ8\ndfKUfeAtNjAljr8dK6DmILf1s7W3y4rVmWngG0mDb1AqFybv1Jx02RHZkSjg4q9u\ncXItidqfdwWvHx9s2l3VfcE/+8Mbj1mgPlZSHEmObxEfaE6l+KOHqZBPTqBBx0rs\nzrQ5hk4oKCC8lu7Yo8p6NIUdYR3DLz9iGaF3upDb+3e47/6/2E3K2gsoZd0CAwEA\nAQKCAgBwzHgJvorTfKFXJVeJt9dDreNhTAB7HbrFVqI9ntkDtxgMQNcILt6UsWWa\nB7I1oSguGWYvH5F24FUJ1leEs6MnuNRZGkDMEhWaWtDztcQ4pixlZzcZ8UrzPWmp\nwcG6ib3/+7rygq6LeSFuwANbnkI8czYhuR0m2GXDKGRH1pFut6NE2MSq9aH4Zg1i\nJz3lA8ihfp7UJIGxP09jP6+zGz+ppdP1HNkc2JspvEwD5VkAUZOYUHdhxCQdCzxE\nTTFnHKFX1NOjLvD2qNmbueHJOqouiuACtzqIYla8x9amOY/HcSAHOPJk1qdBOcDx\nIm0By4CM04v0dUl5SG4LfOf+hUfCxInd9mOC/tL6tP+oGUk1NDj8XYiYSeTPHRJG\nRAfR8QXH4rFwjmy/0gsgFMLEwWGYk4bBB4a8i44+DyimcovOJNZTc64CHrcdfnmw\ntch8IAGf0RSs4juZ8Pcv6p0Z7JPJBj3nHxHKw8MD/LDH5SfbYGttC7VxYQ2RFKEl\nmn5pCA+YgJHsovCJ76hg6kVG/unDZ9mUrCXDwpX4DXM6vTuhBkKGG3t1x6ZJp0pz\nA2a5VnDCs3sXVgOC2TBD9uReHeBCPajhzFI8+t5j41kpf6LDWW76YMh4teElBuJf\nmvKw1ydXEjdjgJDG/vCYixF8S5itXSEXvLTnLSOKFAcl1OF3YQKCAQEA3zzYFz2v\nAEKAwlUx9/+zmrA80x3q52+Jk2wY2y3KxW9zQt994GnAHkdCBiO9fITtezRC3Ejq\nRpjRr2N2qEjDK+7Od2v4iriTf38izYRgBu+7PVjdWDb8uIrI6zqU7MgQJPzdG4vK\nHeRNOOXiKGs7AQ43Qfdadr114QtVXazL5gYpajUBirrL91L65IwcrvtnbtHXCLXr\njl42md7XjzjjyDmwgza7A6slngzTl8phuafyzS6VJ6iTEjQO+AYBE5byfIgGjrZs\n5q7pqgG+L44YtI/e/w+xX0AHnSCjLJ2SYIscq/CJNgIjT5I1zGXMp2jwc/yyOryw\ncEH/lO/uHQsiFQKCAQEA7qVJR1ZO2SbL7pDmBxZIw1b9mQSIsHVwhm80jOvynXEu\nieCaTz8uXYfAkagYhoSZYsL56AiDgJPnjVn4s/1jSczwPETWDp9ugpkylOx7NVV1\nTEx/KQA7aqo68WlGejrJ28cHIJlOJ2WQtdvsCNxft+M+YSKiwVc+LKXHZl2NbA6F\nvXWbs1JviUdmmYteN0fvZAmEzxB9QjT2777x+gnP/dxxYbrQLEBa9SIP2ocVsuS6\nVa6QNdTjsgcYF+t6rkXApmWTRZuVqZ8pTzsYLPWCTyh26qmGtEwcrKM+QwJ5VwUM\np075NJk5H4j+CPRkdmaPF5Yj2+pBFYfnyXjRtlrOqQKCAQBGD3piEOHTWwu98a70\n/jMH4Te1qjYG3GJ4+fvzDbQNsqSh4DJJM+cvmX2HH8BgS/ecKxKwv9GGxn9IZBbh\nSbS3HQN/R0uBfdwMr4Hkrh7VDnfdEP6mqNs3r5bO/Fuw1Dj84r8h3gVYzEXQDZWk\nycKC2ktNUKv7iApuznfEJm73igeFZY1OVMGepVRIVhDKeexEQ2cRPMbor3jDYcSV\nFm2mcTSMeajHxfbQW4YspT92XNc+vdfh0m4V0HDCNmAwHbeMjcRBFc+ntk1vJYzi\nr93hDSYXNn2cPyQklBGh9vHxirc83wixAorCdkicFXbdM3oDbNMizAUztgLYY1R/\nmPbhAoIBAQDEWOe2svNCxSHq0fsAf7w0RAF5AXr5PFbttNdWztaZ5UJ2HH65jvE1\n8Phmnxg2rSiKUoNM/pw7kPVlnk36wRMM6HoMDFLWSySgfS1ZzEv+8KYGtbW15UP9\nmbvPXl+nN3FXyyQ5FQlxbqYmiqBkFfUHFgf/4YBpdL9p+qfZuEUgT76HyBjn7H5q\nQ33N/RXyg9QZyZ8kwptcerllPgRXRfWEF/iNgSfAEN8FaxYCJTycKIaK8ooiUFta\n4W1YWN1iP2+nOFF4Zu83VQWm86cLbp/dQxy8K+jxtOGuxMz4UzPEfhoQGfD97sdK\nA+uHMJTruawnqtcsHEuaTGxPnoFk+MepAoIBAG5KhoBPghD/JBQtCv10rWbF2Cji\nc2DxU4+zsulamfDY/00+Q0nS8uqnN7Q5/Pp+dCz3Wp1lyaAsfxoiEgVxH1FwKScO\niKWehEnQhixLoBuJjqxVl9xEXhVW7w6UDdSSO/wKT4fxvX+8b6DP+3LL81KPFY36\n/Y8hh4chOmj7conYAPVO6puRCfC0rbvBLzbP/8gYBuIegcl6GUKOYc5VlcIOD8zZ\nc7zReEKXWj2y8jBkFGVP1/v+5hKpgNWUu5Vio9vm4ISFH8xd3qFWv0F5N/RZKXgk\npmkwrB87GIRBK8p3o+irI4P75Y4m1MM/DtU2sPvvbwdJS4XK7ny+drT4eRw=\n-----END RSA PRIVATE KEY-----\n",
            "version_id": "3C3F3866-F987-4BE7-B1EC-0F380C6239BD",
            "version_stages": [
              "AWSCURRENT"
            ]
          },
          "sensitive_attributes": [
            [
              {
                "type": "get_attr",
                "value": "secret_string"
              }
            ]
          ],
          "private": "bnVsbA==",
          "dependencies": [
            "module.secrets.aws_secretsmanager_secret.vpn_server_pem",
            "module.vpn.tls_private_key.ssh"
          ]
        }
      ]
    },
    {
      "module": "module.vpc",
      "mode": "managed",
      "type": "aws_internet_gateway",
      "name": "igw",
      "provider": "provider[\"registry.terraform.io/hashicorp/aws\"]",
      "instances": [
        {
          "schema_version": 0,
          "attributes": {
            "arn": "arn:aws:ec2:us-east-1:321705742405:internet-gateway/igw-082bbabda41bb8928",
            "id": "igw-082bbabda41bb8928",
            "owner_id": "321705742405",
            "tags": {
              "Name": "igw-sdlc"
            },
            "tags_all": {
              "Name": "igw-sdlc"
            },
            "timeouts": null,
            "vpc_id": "vpc-0af73819c6848375e"
          },
          "sensitive_attributes": [],
          "private": "eyJlMmJmYjczMC1lY2FhLTExZTYtOGY4OC0zNDM2M2JjN2M0YzAiOnsiY3JlYXRlIjoxMjAwMDAwMDAwMDAwLCJkZWxldGUiOjEyMDAwMDAwMDAwMDAsInVwZGF0ZSI6MTIwMDAwMDAwMDAwMH19",
          "dependencies": [
            "module.vpc.aws_vpc.main"
          ]
        }
      ]
    },
    {
      "module": "module.vpc",
      "mode": "managed",
      "type": "aws_route_table",
      "name": "secondary_rtb",
      "provider": "provider[\"registry.terraform.io/hashicorp/aws\"]",
      "instances": [
        {
          "schema_version": 0,
          "attributes": {
            "arn": "arn:aws:ec2:us-east-1:321705742405:route-table/rtb-088f2e7ba0b9562e7",
            "id": "rtb-088f2e7ba0b9562e7",
            "owner_id": "321705742405",
            "propagating_vgws": [],
            "route": [
              {
                "carrier_gateway_id": "",
                "cidr_block": "0.0.0.0/0",
                "core_network_arn": "",
                "destination_prefix_list_id": "",
                "egress_only_gateway_id": "",
                "gateway_id": "igw-082bbabda41bb8928",
                "instance_id": "",
                "ipv6_cidr_block": "",
                "local_gateway_id": "",
                "nat_gateway_id": "",
                "network_interface_id": "",
                "transit_gateway_id": "",
                "vpc_endpoint_id": "",
                "vpc_peering_connection_id": ""
              }
            ],
            "tags": {
              "Name": "rtb-sdlc-secondary"
            },
            "tags_all": {
              "Name": "rtb-sdlc-secondary"
            },
            "timeouts": null,
            "vpc_id": "vpc-0af73819c6848375e"
          },
          "sensitive_attributes": [],
          "private": "eyJlMmJmYjczMC1lY2FhLTExZTYtOGY4OC0zNDM2M2JjN2M0YzAiOnsiY3JlYXRlIjozMDAwMDAwMDAwMDAsImRlbGV0ZSI6MzAwMDAwMDAwMDAwLCJ1cGRhdGUiOjEyMDAwMDAwMDAwMH19",
          "dependencies": [
            "module.vpc.aws_internet_gateway.igw",
            "module.vpc.aws_vpc.main"
          ]
        }
      ]
    },
    {
      "module": "module.vpc",
      "mode": "managed",
      "type": "aws_route_table_association",
      "name": "public_subnet_asso",
      "provider": "provider[\"registry.terraform.io/hashicorp/aws\"]",
      "instances": [
        {
          "index_key": 0,
          "schema_version": 0,
          "attributes": {
            "gateway_id": "",
            "id": "rtbassoc-0e6518c9891a2ff5a",
            "route_table_id": "rtb-088f2e7ba0b9562e7",
            "subnet_id": "subnet-099445a3472f5d9e6"
          },
          "sensitive_attributes": [],
          "private": "bnVsbA==",
          "dependencies": [
            "module.vpc.aws_internet_gateway.igw",
            "module.vpc.aws_route_table.secondary_rtb",
            "module.vpc.aws_subnet.public_subnets",
            "module.vpc.aws_vpc.main"
          ]
        },
        {
          "index_key": 1,
          "schema_version": 0,
          "attributes": {
            "gateway_id": "",
            "id": "rtbassoc-00953ca49467506f8",
            "route_table_id": "rtb-088f2e7ba0b9562e7",
            "subnet_id": "subnet-013a3b3bb51642ce3"
          },
          "sensitive_attributes": [],
          "private": "bnVsbA==",
          "dependencies": [
            "module.vpc.aws_internet_gateway.igw",
            "module.vpc.aws_route_table.secondary_rtb",
            "module.vpc.aws_subnet.public_subnets",
            "module.vpc.aws_vpc.main"
          ]
        },
        {
          "index_key": 2,
          "schema_version": 0,
          "attributes": {
            "gateway_id": "",
            "id": "rtbassoc-0258d202b09c5b4b1",
            "route_table_id": "rtb-088f2e7ba0b9562e7",
            "subnet_id": "subnet-0148f069eff9919b3"
          },
          "sensitive_attributes": [],
          "private": "bnVsbA==",
          "dependencies": [
            "module.vpc.aws_internet_gateway.igw",
            "module.vpc.aws_route_table.secondary_rtb",
            "module.vpc.aws_subnet.public_subnets",
            "module.vpc.aws_vpc.main"
          ]
        }
      ]
    },
    {
      "module": "module.vpc",
      "mode": "managed",
      "type": "aws_subnet",
      "name": "private_subnets",
      "provider": "provider[\"registry.terraform.io/hashicorp/aws\"]",
      "instances": [
        {
          "index_key": 0,
          "schema_version": 1,
          "attributes": {
            "arn": "arn:aws:ec2:us-east-1:321705742405:subnet/subnet-07fa4255b34f5535a",
            "assign_ipv6_address_on_creation": false,
            "availability_zone": "us-east-1a",
            "availability_zone_id": "use1-az4",
            "cidr_block": "123.45.101.0/24",
            "customer_owned_ipv4_pool": "",
            "enable_dns64": false,
            "enable_resource_name_dns_a_record_on_launch": false,
            "enable_resource_name_dns_aaaa_record_on_launch": false,
            "id": "subnet-07fa4255b34f5535a",
            "ipv6_cidr_block": "",
            "ipv6_cidr_block_association_id": "",
            "ipv6_native": false,
            "map_customer_owned_ip_on_launch": false,
            "map_public_ip_on_launch": false,
            "outpost_arn": "",
            "owner_id": "321705742405",
            "private_dns_hostname_type_on_launch": "ip-name",
            "tags": {
              "Name": "subnet-sdlc-priv-1"
            },
            "tags_all": {
              "Name": "subnet-sdlc-priv-1"
            },
            "timeouts": null,
            "vpc_id": "vpc-0af73819c6848375e"
          },
          "sensitive_attributes": [],
          "private": "eyJlMmJmYjczMC1lY2FhLTExZTYtOGY4OC0zNDM2M2JjN2M0YzAiOnsiY3JlYXRlIjo2MDAwMDAwMDAwMDAsImRlbGV0ZSI6MTIwMDAwMDAwMDAwMH0sInNjaGVtYV92ZXJzaW9uIjoiMSJ9",
          "dependencies": [
            "module.vpc.aws_vpc.main"
          ]
        },
        {
          "index_key": 1,
          "schema_version": 1,
          "attributes": {
            "arn": "arn:aws:ec2:us-east-1:321705742405:subnet/subnet-0988561e9ac294965",
            "assign_ipv6_address_on_creation": false,
            "availability_zone": "us-east-1b",
            "availability_zone_id": "use1-az6",
            "cidr_block": "123.45.103.0/24",
            "customer_owned_ipv4_pool": "",
            "enable_dns64": false,
            "enable_resource_name_dns_a_record_on_launch": false,
            "enable_resource_name_dns_aaaa_record_on_launch": false,
            "id": "subnet-0988561e9ac294965",
            "ipv6_cidr_block": "",
            "ipv6_cidr_block_association_id": "",
            "ipv6_native": false,
            "map_customer_owned_ip_on_launch": false,
            "map_public_ip_on_launch": false,
            "outpost_arn": "",
            "owner_id": "321705742405",
            "private_dns_hostname_type_on_launch": "ip-name",
            "tags": {
              "Name": "subnet-sdlc-priv-2"
            },
            "tags_all": {
              "Name": "subnet-sdlc-priv-2"
            },
            "timeouts": null,
            "vpc_id": "vpc-0af73819c6848375e"
          },
          "sensitive_attributes": [],
          "private": "eyJlMmJmYjczMC1lY2FhLTExZTYtOGY4OC0zNDM2M2JjN2M0YzAiOnsiY3JlYXRlIjo2MDAwMDAwMDAwMDAsImRlbGV0ZSI6MTIwMDAwMDAwMDAwMH0sInNjaGVtYV92ZXJzaW9uIjoiMSJ9",
          "dependencies": [
            "module.vpc.aws_vpc.main"
          ]
        },
        {
          "index_key": 2,
          "schema_version": 1,
          "attributes": {
            "arn": "arn:aws:ec2:us-east-1:321705742405:subnet/subnet-028742920f008fd34",
            "assign_ipv6_address_on_creation": false,
            "availability_zone": "us-east-1c",
            "availability_zone_id": "use1-az1",
            "cidr_block": "123.45.105.0/24",
            "customer_owned_ipv4_pool": "",
            "enable_dns64": false,
            "enable_resource_name_dns_a_record_on_launch": false,
            "enable_resource_name_dns_aaaa_record_on_launch": false,
            "id": "subnet-028742920f008fd34",
            "ipv6_cidr_block": "",
            "ipv6_cidr_block_association_id": "",
            "ipv6_native": false,
            "map_customer_owned_ip_on_launch": false,
            "map_public_ip_on_launch": false,
            "outpost_arn": "",
            "owner_id": "321705742405",
            "private_dns_hostname_type_on_launch": "ip-name",
            "tags": {
              "Name": "subnet-sdlc-priv-3"
            },
            "tags_all": {
              "Name": "subnet-sdlc-priv-3"
            },
            "timeouts": null,
            "vpc_id": "vpc-0af73819c6848375e"
          },
          "sensitive_attributes": [],
          "private": "eyJlMmJmYjczMC1lY2FhLTExZTYtOGY4OC0zNDM2M2JjN2M0YzAiOnsiY3JlYXRlIjo2MDAwMDAwMDAwMDAsImRlbGV0ZSI6MTIwMDAwMDAwMDAwMH0sInNjaGVtYV92ZXJzaW9uIjoiMSJ9",
          "dependencies": [
            "module.vpc.aws_vpc.main"
          ]
        }
      ]
    },
    {
      "module": "module.vpc",
      "mode": "managed",
      "type": "aws_subnet",
      "name": "public_subnets",
      "provider": "provider[\"registry.terraform.io/hashicorp/aws\"]",
      "instances": [
        {
          "index_key": 0,
          "schema_version": 1,
          "attributes": {
            "arn": "arn:aws:ec2:us-east-1:321705742405:subnet/subnet-099445a3472f5d9e6",
            "assign_ipv6_address_on_creation": false,
            "availability_zone": "us-east-1a",
            "availability_zone_id": "use1-az4",
            "cidr_block": "123.45.102.0/24",
            "customer_owned_ipv4_pool": "",
            "enable_dns64": false,
            "enable_resource_name_dns_a_record_on_launch": false,
            "enable_resource_name_dns_aaaa_record_on_launch": false,
            "id": "subnet-099445a3472f5d9e6",
            "ipv6_cidr_block": "",
            "ipv6_cidr_block_association_id": "",
            "ipv6_native": false,
            "map_customer_owned_ip_on_launch": false,
            "map_public_ip_on_launch": true,
            "outpost_arn": "",
            "owner_id": "321705742405",
            "private_dns_hostname_type_on_launch": "ip-name",
            "tags": {
              "Name": "subnet-sdlc-pub-1"
            },
            "tags_all": {
              "Name": "subnet-sdlc-pub-1"
            },
            "timeouts": null,
            "vpc_id": "vpc-0af73819c6848375e"
          },
          "sensitive_attributes": [],
          "private": "eyJlMmJmYjczMC1lY2FhLTExZTYtOGY4OC0zNDM2M2JjN2M0YzAiOnsiY3JlYXRlIjo2MDAwMDAwMDAwMDAsImRlbGV0ZSI6MTIwMDAwMDAwMDAwMH0sInNjaGVtYV92ZXJzaW9uIjoiMSJ9",
          "dependencies": [
            "module.vpc.aws_vpc.main"
          ]
        },
        {
          "index_key": 1,
          "schema_version": 1,
          "attributes": {
            "arn": "arn:aws:ec2:us-east-1:321705742405:subnet/subnet-013a3b3bb51642ce3",
            "assign_ipv6_address_on_creation": false,
            "availability_zone": "us-east-1b",
            "availability_zone_id": "use1-az6",
            "cidr_block": "123.45.104.0/24",
            "customer_owned_ipv4_pool": "",
            "enable_dns64": false,
            "enable_resource_name_dns_a_record_on_launch": false,
            "enable_resource_name_dns_aaaa_record_on_launch": false,
            "id": "subnet-013a3b3bb51642ce3",
            "ipv6_cidr_block": "",
            "ipv6_cidr_block_association_id": "",
            "ipv6_native": false,
            "map_customer_owned_ip_on_launch": false,
            "map_public_ip_on_launch": true,
            "outpost_arn": "",
            "owner_id": "321705742405",
            "private_dns_hostname_type_on_launch": "ip-name",
            "tags": {
              "Name": "subnet-sdlc-pub-2"
            },
            "tags_all": {
              "Name": "subnet-sdlc-pub-2"
            },
            "timeouts": null,
            "vpc_id": "vpc-0af73819c6848375e"
          },
          "sensitive_attributes": [],
          "private": "eyJlMmJmYjczMC1lY2FhLTExZTYtOGY4OC0zNDM2M2JjN2M0YzAiOnsiY3JlYXRlIjo2MDAwMDAwMDAwMDAsImRlbGV0ZSI6MTIwMDAwMDAwMDAwMH0sInNjaGVtYV92ZXJzaW9uIjoiMSJ9",
          "dependencies": [
            "module.vpc.aws_vpc.main"
          ]
        },
        {
          "index_key": 2,
          "schema_version": 1,
          "attributes": {
            "arn": "arn:aws:ec2:us-east-1:321705742405:subnet/subnet-0148f069eff9919b3",
            "assign_ipv6_address_on_creation": false,
            "availability_zone": "us-east-1c",
            "availability_zone_id": "use1-az1",
            "cidr_block": "123.45.106.0/24",
            "customer_owned_ipv4_pool": "",
            "enable_dns64": false,
            "enable_resource_name_dns_a_record_on_launch": false,
            "enable_resource_name_dns_aaaa_record_on_launch": false,
            "id": "subnet-0148f069eff9919b3",
            "ipv6_cidr_block": "",
            "ipv6_cidr_block_association_id": "",
            "ipv6_native": false,
            "map_customer_owned_ip_on_launch": false,
            "map_public_ip_on_launch": true,
            "outpost_arn": "",
            "owner_id": "321705742405",
            "private_dns_hostname_type_on_launch": "ip-name",
            "tags": {
              "Name": "subnet-sdlc-pub-3"
            },
            "tags_all": {
              "Name": "subnet-sdlc-pub-3"
            },
            "timeouts": null,
            "vpc_id": "vpc-0af73819c6848375e"
          },
          "sensitive_attributes": [],
          "private": "eyJlMmJmYjczMC1lY2FhLTExZTYtOGY4OC0zNDM2M2JjN2M0YzAiOnsiY3JlYXRlIjo2MDAwMDAwMDAwMDAsImRlbGV0ZSI6MTIwMDAwMDAwMDAwMH0sInNjaGVtYV92ZXJzaW9uIjoiMSJ9",
          "dependencies": [
            "module.vpc.aws_vpc.main"
          ]
        }
      ]
    },
    {
      "module": "module.vpc",
      "mode": "managed",
      "type": "aws_vpc",
      "name": "main",
      "provider": "provider[\"registry.terraform.io/hashicorp/aws\"]",
      "instances": [
        {
          "schema_version": 1,
          "attributes": {
            "arn": "arn:aws:ec2:us-east-1:321705742405:vpc/vpc-0af73819c6848375e",
            "assign_generated_ipv6_cidr_block": false,
            "cidr_block": "123.45.0.0/16",
            "default_network_acl_id": "acl-0241e189c04ec4797",
            "default_route_table_id": "rtb-0b10f0853573e8d5e",
            "default_security_group_id": "sg-0c4c1dbb5056bb8d6",
            "dhcp_options_id": "dopt-c32033a1",
            "enable_classiclink": false,
            "enable_classiclink_dns_support": false,
            "enable_dns_hostnames": true,
            "enable_dns_support": true,
            "enable_network_address_usage_metrics": false,
            "id": "vpc-0af73819c6848375e",
            "instance_tenancy": "default",
            "ipv4_ipam_pool_id": null,
            "ipv4_netmask_length": null,
            "ipv6_association_id": "",
            "ipv6_cidr_block": "",
            "ipv6_cidr_block_network_border_group": "",
            "ipv6_ipam_pool_id": "",
            "ipv6_netmask_length": 0,
            "main_route_table_id": "rtb-0b10f0853573e8d5e",
            "owner_id": "321705742405",
            "tags": {
              "Name": "vpc-sdlc"
            },
            "tags_all": {
              "Name": "vpc-sdlc"
            }
          },
          "sensitive_attributes": [],
          "private": "eyJzY2hlbWFfdmVyc2lvbiI6IjEifQ=="
        }
      ]
    },
    {
      "module": "module.vpn",
      "mode": "managed",
      "type": "aws_instance",
      "name": "openvpn",
      "provider": "provider[\"registry.terraform.io/hashicorp/aws\"]",
      "instances": [
        {
          "schema_version": 1,
          "attributes": {
            "ami": "ami-0f95ee6f985388d58",
            "arn": "arn:aws:ec2:us-east-1:321705742405:instance/i-04aeb8e27bac248d9",
            "associate_public_ip_address": true,
            "availability_zone": "us-east-1a",
            "capacity_reservation_specification": [
              {
                "capacity_reservation_preference": "open",
                "capacity_reservation_target": []
              }
            ],
            "cpu_core_count": 1,
            "cpu_threads_per_core": 1,
            "credit_specification": [
              {
                "cpu_credits": "standard"
              }
            ],
            "disable_api_stop": false,
            "disable_api_termination": false,
            "ebs_block_device": [],
            "ebs_optimized": false,
            "enclave_options": [
              {
                "enabled": false
              }
            ],
            "ephemeral_block_device": [],
            "get_password_data": false,
            "hibernation": false,
            "host_id": "",
            "host_resource_group_arn": null,
            "iam_instance_profile": "",
            "id": "i-04aeb8e27bac248d9",
            "instance_initiated_shutdown_behavior": "stop",
            "instance_state": "running",
            "instance_type": "t2.micro",
            "ipv6_address_count": 0,
            "ipv6_addresses": [],
            "key_name": "",
            "launch_template": [],
            "maintenance_options": [
              {
                "auto_recovery": "default"
              }
            ],
            "metadata_options": [
              {
                "http_endpoint": "enabled",
                "http_put_response_hop_limit": 1,
                "http_tokens": "optional",
                "instance_metadata_tags": "disabled"
              }
            ],
            "monitoring": false,
            "network_interface": [],
            "outpost_arn": "",
            "password_data": "",
            "placement_group": "",
            "placement_partition_number": 0,
            "primary_network_interface_id": "eni-040b7ad68df5aa82f",
            "private_dns": "ip-123-45-102-120.ec2.internal",
            "private_dns_name_options": [
              {
                "enable_resource_name_dns_a_record": false,
                "enable_resource_name_dns_aaaa_record": false,
                "hostname_type": "ip-name"
              }
            ],
            "private_ip": "123.45.102.120",
            "public_dns": "ec2-54-90-132-252.compute-1.amazonaws.com",
            "public_ip": "54.90.132.252",
            "root_block_device": [
              {
                "delete_on_termination": true,
                "device_name": "/dev/sda1",
                "encrypted": false,
                "iops": 100,
                "kms_key_id": "",
                "tags": {},
                "throughput": 0,
                "volume_id": "vol-0641c2d0af2a6f44f",
                "volume_size": 8,
                "volume_type": "gp2"
              }
            ],
            "secondary_private_ips": [],
            "security_groups": [],
            "source_dest_check": true,
            "subnet_id": "subnet-099445a3472f5d9e6",
            "tags": {
              "Name": "ec2-openvpn"
            },
            "tags_all": {
              "Name": "ec2-openvpn"
            },
            "tenancy": "default",
            "timeouts": null,
            "user_data": "dd436a5f2d41c9dcd8b3bfd3da161fad6c4ec9f3",
            "user_data_base64": null,
            "user_data_replace_on_change": false,
            "volume_tags": null,
            "vpc_security_group_ids": [
              "sg-0e6a8e7346692262f"
            ]
          },
          "sensitive_attributes": [
            [
              {
                "type": "get_attr",
                "value": "user_data"
              }
            ]
          ],
          "private": "eyJlMmJmYjczMC1lY2FhLTExZTYtOGY4OC0zNDM2M2JjN2M0YzAiOnsiY3JlYXRlIjo2MDAwMDAwMDAwMDAsImRlbGV0ZSI6MTIwMDAwMDAwMDAwMCwidXBkYXRlIjo2MDAwMDAwMDAwMDB9LCJzY2hlbWFfdmVyc2lvbiI6IjEifQ==",
          "dependencies": [
            "module.vpc.aws_subnet.public_subnets",
            "module.vpc.aws_vpc.main",
            "module.vpn.aws_security_group.instance",
            "module.vpn.random_password.password"
          ]
        }
      ]
    },
    {
      "module": "module.vpn",
      "mode": "managed",
      "type": "aws_key_pair",
      "name": "key_pair",
      "provider": "provider[\"registry.terraform.io/hashicorp/aws\"]",
      "instances": [
        {
          "schema_version": 1,
          "attributes": {
            "arn": "arn:aws:ec2:us-east-1:321705742405:key-pair/openvpn-key",
            "fingerprint": "37:ab:bd:67:fd:5c:9b:0c:bc:56:0a:8f:3a:b2:e3:e1",
            "id": "openvpn-key",
            "key_name": "openvpn-key",
            "key_name_prefix": "",
            "key_pair_id": "key-07634300ce0c4c7dc",
            "key_type": "rsa",
            "public_key": "ssh-rsa AAAAB3NzaC1yc2EAAAADAQABAAACAQDQGrMDcRU1kA8EVgmMlsxGWD7HK+iACLC6WAwUgN97Da8B7jkvPREn37shLmtfmvn91cHIMLiJDbpbTZpsXeLz6heqfadNs2CJGfIqyJaFH4Wg//QEPYWfEujPdZnMUysDoyvamFc3IqYNt6WC5AQGwXyoxen2QODQWAghdYqkgWp+0m3erclfzCd2/h6SflCQh7eM5DP1MoQABavVKAnHUtn2kK5pceZ9uPDusT7cWmYhkZttJ6g0DkdMetAOg6r3KKJZrt6CEDd+tb80zlXIGUyU4gIHi1yxL4JNjxZIZ2zfYfxAQvbh/eWZ9uRSMA5boBmn0IlvFsok/bnnjMwgiQsTHAOf5F18DXhd5I+Do2SjHcxuquRJAVQD7FPs+GQJVyXyd0J4TRZ+R2uCVHW7zOcmJ5KoAJLf1NyqYkdovl1nylZMRAMbwSD/SJPom3It2s2RE4Ndjur3aE3Xy/k2prYFfkHy5rb67+TeqLwH49XgQnx18pR94C02MCWOvx0roOYgt/WztbfLitWZaeAbSYNvUCoXJu/UnHTZEdmRKODir25xci2J2p93Ba8fH2zaXdV9wT/7wxuPWaA+VlIcSY5vER9oTqX4o4epkE9OoEHHSuzOtDmGTigoILyW7tijyno0hR1hHcMvP2IZoXe6kNv7d7jv/r/YTcraCyhl3Q==",
            "tags": {},
            "tags_all": {}
          },
          "sensitive_attributes": [],
          "private": "eyJzY2hlbWFfdmVyc2lvbiI6IjEifQ==",
          "dependencies": [
            "module.vpn.tls_private_key.ssh"
          ]
        }
      ]
    },
    {
      "module": "module.vpn",
      "mode": "managed",
      "type": "aws_security_group",
      "name": "instance",
      "provider": "provider[\"registry.terraform.io/hashicorp/aws\"]",
      "instances": [
        {
          "schema_version": 1,
          "attributes": {
            "arn": "arn:aws:ec2:us-east-1:321705742405:security-group/sg-0e6a8e7346692262f",
            "description": "OpenVPN security group",
            "egress": [],
            "id": "sg-0e6a8e7346692262f",
            "ingress": [
              {
                "cidr_blocks": [
                  "0.0.0.0/0"
                ],
                "description": "",
                "from_port": 1194,
                "ipv6_cidr_blocks": [],
                "prefix_list_ids": [],
                "protocol": "udp",
                "security_groups": [],
                "self": false,
                "to_port": 1194
              },
              {
                "cidr_blocks": [
                  "0.0.0.0/0"
                ],
                "description": "",
                "from_port": 443,
                "ipv6_cidr_blocks": [],
                "prefix_list_ids": [],
                "protocol": "tcp",
                "security_groups": [],
                "self": false,
                "to_port": 443
              },
              {
                "cidr_blocks": [
                  "0.0.0.0/0"
                ],
                "description": "",
                "from_port": 943,
                "ipv6_cidr_blocks": [],
                "prefix_list_ids": [],
                "protocol": "tcp",
                "security_groups": [],
                "self": false,
                "to_port": 943
              },
              {
                "cidr_blocks": [
                  "0.0.0.0/0"
                ],
                "description": "",
                "from_port": 945,
                "ipv6_cidr_blocks": [],
                "prefix_list_ids": [],
                "protocol": "tcp",
                "security_groups": [],
                "self": false,
                "to_port": 945
              }
            ],
            "name": "sgr-openvpn",
            "name_prefix": "",
            "owner_id": "321705742405",
            "revoke_rules_on_delete": false,
            "tags": {},
            "tags_all": {},
            "timeouts": null,
            "vpc_id": "vpc-0af73819c6848375e"
          },
          "sensitive_attributes": [],
          "private": "eyJlMmJmYjczMC1lY2FhLTExZTYtOGY4OC0zNDM2M2JjN2M0YzAiOnsiY3JlYXRlIjo2MDAwMDAwMDAwMDAsImRlbGV0ZSI6OTAwMDAwMDAwMDAwfSwic2NoZW1hX3ZlcnNpb24iOiIxIn0=",
          "dependencies": [
            "module.vpc.aws_subnet.public_subnets",
            "module.vpc.aws_vpc.main"
          ]
        }
      ]
    },
    {
      "module": "module.vpn",
      "mode": "managed",
      "type": "local_sensitive_file",
      "name": "pem_file",
      "provider": "provider[\"registry.terraform.io/hashicorp/local\"]",
      "instances": [
        {
          "schema_version": 0,
          "attributes": {
            "content": "-----BEGIN RSA PRIVATE KEY-----\nMIIJKAIBAAKCAgEA0BqzA3EVNZAPBFYJjJbMRlg+xyvogAiwulgMFIDfew2vAe45\nLz0RJ9+7IS5rX5r5/dXByDC4iQ26W02abF3i8+oXqn2nTbNgiRnyKsiWhR+FoP/0\nBD2FnxLoz3WZzFMrA6Mr2phXNyKmDbelguQEBsF8qMXp9kDg0FgIIXWKpIFqftJt\n3q3JX8wndv4ekn5QkIe3jOQz9TKEAAWr1SgJx1LZ9pCuaXHmfbjw7rE+3FpmIZGb\nbSeoNA5HTHrQDoOq9yiiWa7eghA3frW/NM5VyBlMlOICB4tcsS+CTY8WSGds32H8\nQEL24f3lmfbkUjAOW6AZp9CJbxbKJP2554zMIIkLExwDn+RdfA14XeSPg6Nkox3M\nbqrkSQFUA+xT7PhkCVcl8ndCeE0WfkdrglR1u8znJieSqACS39TcqmJHaL5dZ8pW\nTEQDG8Eg/0iT6JtyLdrNkRODXY7q92hN18v5Nqa2BX5B8ua2+u/k3qi8B+PV4EJ8\ndfKUfeAtNjAljr8dK6DmILf1s7W3y4rVmWngG0mDb1AqFybv1Jx02RHZkSjg4q9u\ncXItidqfdwWvHx9s2l3VfcE/+8Mbj1mgPlZSHEmObxEfaE6l+KOHqZBPTqBBx0rs\nzrQ5hk4oKCC8lu7Yo8p6NIUdYR3DLz9iGaF3upDb+3e47/6/2E3K2gsoZd0CAwEA\nAQKCAgBwzHgJvorTfKFXJVeJt9dDreNhTAB7HbrFVqI9ntkDtxgMQNcILt6UsWWa\nB7I1oSguGWYvH5F24FUJ1leEs6MnuNRZGkDMEhWaWtDztcQ4pixlZzcZ8UrzPWmp\nwcG6ib3/+7rygq6LeSFuwANbnkI8czYhuR0m2GXDKGRH1pFut6NE2MSq9aH4Zg1i\nJz3lA8ihfp7UJIGxP09jP6+zGz+ppdP1HNkc2JspvEwD5VkAUZOYUHdhxCQdCzxE\nTTFnHKFX1NOjLvD2qNmbueHJOqouiuACtzqIYla8x9amOY/HcSAHOPJk1qdBOcDx\nIm0By4CM04v0dUl5SG4LfOf+hUfCxInd9mOC/tL6tP+oGUk1NDj8XYiYSeTPHRJG\nRAfR8QXH4rFwjmy/0gsgFMLEwWGYk4bBB4a8i44+DyimcovOJNZTc64CHrcdfnmw\ntch8IAGf0RSs4juZ8Pcv6p0Z7JPJBj3nHxHKw8MD/LDH5SfbYGttC7VxYQ2RFKEl\nmn5pCA+YgJHsovCJ76hg6kVG/unDZ9mUrCXDwpX4DXM6vTuhBkKGG3t1x6ZJp0pz\nA2a5VnDCs3sXVgOC2TBD9uReHeBCPajhzFI8+t5j41kpf6LDWW76YMh4teElBuJf\nmvKw1ydXEjdjgJDG/vCYixF8S5itXSEXvLTnLSOKFAcl1OF3YQKCAQEA3zzYFz2v\nAEKAwlUx9/+zmrA80x3q52+Jk2wY2y3KxW9zQt994GnAHkdCBiO9fITtezRC3Ejq\nRpjRr2N2qEjDK+7Od2v4iriTf38izYRgBu+7PVjdWDb8uIrI6zqU7MgQJPzdG4vK\nHeRNOOXiKGs7AQ43Qfdadr114QtVXazL5gYpajUBirrL91L65IwcrvtnbtHXCLXr\njl42md7XjzjjyDmwgza7A6slngzTl8phuafyzS6VJ6iTEjQO+AYBE5byfIgGjrZs\n5q7pqgG+L44YtI/e/w+xX0AHnSCjLJ2SYIscq/CJNgIjT5I1zGXMp2jwc/yyOryw\ncEH/lO/uHQsiFQKCAQEA7qVJR1ZO2SbL7pDmBxZIw1b9mQSIsHVwhm80jOvynXEu\nieCaTz8uXYfAkagYhoSZYsL56AiDgJPnjVn4s/1jSczwPETWDp9ugpkylOx7NVV1\nTEx/KQA7aqo68WlGejrJ28cHIJlOJ2WQtdvsCNxft+M+YSKiwVc+LKXHZl2NbA6F\nvXWbs1JviUdmmYteN0fvZAmEzxB9QjT2777x+gnP/dxxYbrQLEBa9SIP2ocVsuS6\nVa6QNdTjsgcYF+t6rkXApmWTRZuVqZ8pTzsYLPWCTyh26qmGtEwcrKM+QwJ5VwUM\np075NJk5H4j+CPRkdmaPF5Yj2+pBFYfnyXjRtlrOqQKCAQBGD3piEOHTWwu98a70\n/jMH4Te1qjYG3GJ4+fvzDbQNsqSh4DJJM+cvmX2HH8BgS/ecKxKwv9GGxn9IZBbh\nSbS3HQN/R0uBfdwMr4Hkrh7VDnfdEP6mqNs3r5bO/Fuw1Dj84r8h3gVYzEXQDZWk\nycKC2ktNUKv7iApuznfEJm73igeFZY1OVMGepVRIVhDKeexEQ2cRPMbor3jDYcSV\nFm2mcTSMeajHxfbQW4YspT92XNc+vdfh0m4V0HDCNmAwHbeMjcRBFc+ntk1vJYzi\nr93hDSYXNn2cPyQklBGh9vHxirc83wixAorCdkicFXbdM3oDbNMizAUztgLYY1R/\nmPbhAoIBAQDEWOe2svNCxSHq0fsAf7w0RAF5AXr5PFbttNdWztaZ5UJ2HH65jvE1\n8Phmnxg2rSiKUoNM/pw7kPVlnk36wRMM6HoMDFLWSySgfS1ZzEv+8KYGtbW15UP9\nmbvPXl+nN3FXyyQ5FQlxbqYmiqBkFfUHFgf/4YBpdL9p+qfZuEUgT76HyBjn7H5q\nQ33N/RXyg9QZyZ8kwptcerllPgRXRfWEF/iNgSfAEN8FaxYCJTycKIaK8ooiUFta\n4W1YWN1iP2+nOFF4Zu83VQWm86cLbp/dQxy8K+jxtOGuxMz4UzPEfhoQGfD97sdK\nA+uHMJTruawnqtcsHEuaTGxPnoFk+MepAoIBAG5KhoBPghD/JBQtCv10rWbF2Cji\nc2DxU4+zsulamfDY/00+Q0nS8uqnN7Q5/Pp+dCz3Wp1lyaAsfxoiEgVxH1FwKScO\niKWehEnQhixLoBuJjqxVl9xEXhVW7w6UDdSSO/wKT4fxvX+8b6DP+3LL81KPFY36\n/Y8hh4chOmj7conYAPVO6puRCfC0rbvBLzbP/8gYBuIegcl6GUKOYc5VlcIOD8zZ\nc7zReEKXWj2y8jBkFGVP1/v+5hKpgNWUu5Vio9vm4ISFH8xd3qFWv0F5N/RZKXgk\npmkwrB87GIRBK8p3o+irI4P75Y4m1MM/DtU2sPvvbwdJS4XK7ny+drT4eRw=\n-----END RSA PRIVATE KEY-----\n",
            "content_base64": null,
            "content_base64sha256": "F8GEo8G+cBwkURWPw8vAjfg6Qg/gF2SOYLKgv6kkQEE=",
            "content_base64sha512": "aF8R9zCiuMrI6BM8k9MT848N9UsrTKCLndCUyviSp2044UB2ketYXTXiAlZ4R8Zh7JdpTouzXm2UIw8yGltw3g==",
            "content_md5": "9bed7239cabaad4fe75941b3c854b4aa",
            "content_sha1": "a9a7283b83de5be3513befc07106ffaf7b7d2f85",
            "content_sha256": "17c184a3c1be701c2451158fc3cbc08df83a420fe017648e60b2a0bfa9244041",
            "content_sha512": "685f11f730a2b8cac8e8133c93d313f38f0df54b2b4ca08b9dd094caf892a76d38e1407691eb585d35e202567847c661ec97694e8bb35e6d94230f321a5b70de",
            "directory_permission": "700",
            "file_permission": "600",
            "filename": "/home/valentim/.ssh/id_openvpn-develop.pem",
            "id": "a9a7283b83de5be3513befc07106ffaf7b7d2f85",
            "source": null
          },
          "sensitive_attributes": [
            [
              {
                "type": "get_attr",
                "value": "content"
              }
            ]
          ],
          "dependencies": [
            "module.vpn.tls_private_key.ssh"
          ]
        }
      ]
    },
    {
      "module": "module.vpn",
      "mode": "managed",
      "type": "random_password",
      "name": "password",
      "provider": "provider[\"registry.terraform.io/hashicorp/random\"]",
      "instances": [
        {
          "schema_version": 3,
          "attributes": {
            "bcrypt_hash": "$2a$10$zNC0pTNoHv25b.iMjN1PFORs59WIJY6p5UgxqC/YgVliQJrAR/x4u",
            "id": "none",
            "keepers": null,
            "length": 16,
            "lower": true,
            "min_lower": 0,
            "min_numeric": 0,
            "min_special": 0,
            "min_upper": 0,
            "number": true,
            "numeric": true,
            "override_special": "_%@",
            "result": "DCL0ci2sUzPIn2nn",
            "special": true,
            "upper": true
          },
          "sensitive_attributes": []
        }
      ]
    },
    {
      "module": "module.vpn",
      "mode": "managed",
      "type": "tls_private_key",
      "name": "ssh",
      "provider": "provider[\"registry.terraform.io/hashicorp/tls\"]",
      "instances": [
        {
          "schema_version": 1,
          "attributes": {
            "algorithm": "RSA",
            "ecdsa_curve": "P224",
            "id": "94ef10d94709f843e71c2c985aed1510e5009e69",
            "private_key_openssh": "-----BEGIN OPENSSH PRIVATE KEY-----\nb3BlbnNzaC1rZXktdjEAAAAABG5vbmUAAAAEbm9uZQAAAAAAAAABAAACFwAAAAdz\nc2gtcnNhAAAAAwEAAQAAAgEA0BqzA3EVNZAPBFYJjJbMRlg+xyvogAiwulgMFIDf\new2vAe45Lz0RJ9+7IS5rX5r5/dXByDC4iQ26W02abF3i8+oXqn2nTbNgiRnyKsiW\nhR+FoP/0BD2FnxLoz3WZzFMrA6Mr2phXNyKmDbelguQEBsF8qMXp9kDg0FgIIXWK\npIFqftJt3q3JX8wndv4ekn5QkIe3jOQz9TKEAAWr1SgJx1LZ9pCuaXHmfbjw7rE+\n3FpmIZGbbSeoNA5HTHrQDoOq9yiiWa7eghA3frW/NM5VyBlMlOICB4tcsS+CTY8W\nSGds32H8QEL24f3lmfbkUjAOW6AZp9CJbxbKJP2554zMIIkLExwDn+RdfA14XeSP\ng6Nkox3MbqrkSQFUA+xT7PhkCVcl8ndCeE0WfkdrglR1u8znJieSqACS39TcqmJH\naL5dZ8pWTEQDG8Eg/0iT6JtyLdrNkRODXY7q92hN18v5Nqa2BX5B8ua2+u/k3qi8\nB+PV4EJ8dfKUfeAtNjAljr8dK6DmILf1s7W3y4rVmWngG0mDb1AqFybv1Jx02RHZ\nkSjg4q9ucXItidqfdwWvHx9s2l3VfcE/+8Mbj1mgPlZSHEmObxEfaE6l+KOHqZBP\nTqBBx0rszrQ5hk4oKCC8lu7Yo8p6NIUdYR3DLz9iGaF3upDb+3e47/6/2E3K2gso\nZd0AAAc4B5wjRAecI0QAAAAHc3NoLXJzYQAAAgEA0BqzA3EVNZAPBFYJjJbMRlg+\nxyvogAiwulgMFIDfew2vAe45Lz0RJ9+7IS5rX5r5/dXByDC4iQ26W02abF3i8+oX\nqn2nTbNgiRnyKsiWhR+FoP/0BD2FnxLoz3WZzFMrA6Mr2phXNyKmDbelguQEBsF8\nqMXp9kDg0FgIIXWKpIFqftJt3q3JX8wndv4ekn5QkIe3jOQz9TKEAAWr1SgJx1LZ\n9pCuaXHmfbjw7rE+3FpmIZGbbSeoNA5HTHrQDoOq9yiiWa7eghA3frW/NM5VyBlM\nlOICB4tcsS+CTY8WSGds32H8QEL24f3lmfbkUjAOW6AZp9CJbxbKJP2554zMIIkL\nExwDn+RdfA14XeSPg6Nkox3MbqrkSQFUA+xT7PhkCVcl8ndCeE0WfkdrglR1u8zn\nJieSqACS39TcqmJHaL5dZ8pWTEQDG8Eg/0iT6JtyLdrNkRODXY7q92hN18v5Nqa2\nBX5B8ua2+u/k3qi8B+PV4EJ8dfKUfeAtNjAljr8dK6DmILf1s7W3y4rVmWngG0mD\nb1AqFybv1Jx02RHZkSjg4q9ucXItidqfdwWvHx9s2l3VfcE/+8Mbj1mgPlZSHEmO\nbxEfaE6l+KOHqZBPTqBBx0rszrQ5hk4oKCC8lu7Yo8p6NIUdYR3DLz9iGaF3upDb\n+3e47/6/2E3K2gsoZd0AAAADAQABAAACAHDMeAm+itN8oVclV4m310Ot42FMAHsd\nusVWoj2e2QO3GAxA1wgu3pSxZZoHsjWhKC4ZZi8fkXbgVQnWV4Szoye41FkaQMwS\nFZpa0PO1xDimLGVnNxnxSvM9aanBwbqJvf/7uvKCrot5IW7AA1ueQjxzNiG5HSbY\nZcMoZEfWkW63o0TYxKr1ofhmDWInPeUDyKF+ntQkgbE/T2M/r7MbP6ml0/Uc2RzY\nmym8TAPlWQBRk5hQd2HEJB0LPERNMWccoVfU06Mu8Pao2Zu54ck6qi6K4AK3Oohi\nVrzH1qY5j8dxIAc48mTWp0E5wPEibQHLgIzTi/R1SXlIbgt85/6FR8LEid32Y4L+\n0vq0/6gZSTU0OPxdiJhJ5M8dEkZEB9HxBcfisXCObL/SCyAUwsTBYZiThsEHhryL\njj4PKKZyi84k1lNzrgIetx1+ebC1yHwgAZ/RFKziO5nw9y/qnRnsk8kGPecfEcrD\nwwP8sMflJ9tga20LtXFhDZEUoSWafmkID5iAkeyi8InvqGDqRUb+6cNn2ZSsJcPC\nlfgNczq9O6EGQoYbe3XHpkmnSnMDZrlWcMKzexdWA4LZMEP25F4d4EI9qOHMUjz6\n3mPjWSl/osNZbvpgyHi14SUG4l+a8rDXJ1cSN2OAkMb+8JiLEXxLmK1dIRe8tOct\nI4oUByXU4XdhAAABAG5KhoBPghD/JBQtCv10rWbF2Cjic2DxU4+zsulamfDY/00+\nQ0nS8uqnN7Q5/Pp+dCz3Wp1lyaAsfxoiEgVxH1FwKScOiKWehEnQhixLoBuJjqxV\nl9xEXhVW7w6UDdSSO/wKT4fxvX+8b6DP+3LL81KPFY36/Y8hh4chOmj7conYAPVO\n6puRCfC0rbvBLzbP/8gYBuIegcl6GUKOYc5VlcIOD8zZc7zReEKXWj2y8jBkFGVP\n1/v+5hKpgNWUu5Vio9vm4ISFH8xd3qFWv0F5N/RZKXgkpmkwrB87GIRBK8p3o+ir\nI4P75Y4m1MM/DtU2sPvvbwdJS4XK7ny+drT4eRwAAAEBAN882Bc9rwBCgMJVMff/\ns5qwPNMd6udviZNsGNstysVvc0LffeBpwB5HQgYjvXyE7Xs0QtxI6kaY0a9jdqhI\nwyvuzndr+Iq4k39/Is2EYAbvuz1Y3Vg2/LiKyOs6lOzIECT83RuLyh3kTTjl4ihr\nOwEON0H3Wna9deELVV2sy+YGKWo1AYq6y/dS+uSMHK77Z27R1wi1645eNpne1484\n48g5sIM2uwOrJZ4M05fKYbmn8s0ulSeokxI0DvgGAROW8nyIBo62bOau6aoBvi+O\nGLSP3v8PsV9AB50goyydkmCLHKvwiTYCI0+SNcxlzKdo8HP8sjq8sHBB/5Tv7h0L\nIhUAAAEBAO6lSUdWTtkmy+6Q5gcWSMNW/ZkEiLB1cIZvNIzr8p1xLongmk8/Ll2H\nwJGoGIaEmWLC+egIg4CT541Z+LP9Y0nM8DxE1g6fboKZMpTsezVVdUxMfykAO2qq\nOvFpRno6ydvHByCZTidlkLXb7AjcX7fjPmEiosFXPiylx2ZdjWwOhb11m7NSb4lH\nZpmLXjdH72QJhM8QfUI09u++8foJz/3ccWG60CxAWvUiD9qHFbLkulWukDXU47IH\nGBfreq5FwKZlk0WblamfKU87GCz1gk8oduqphrRMHKyjPkMCeVcFDKdO+TSZOR+I\n/gj0ZHZmjxeWI9vqQRWH58l40bZazqkAAAAAAQID\n-----END OPENSSH PRIVATE KEY-----\n",
            "private_key_pem": "-----BEGIN RSA PRIVATE KEY-----\nMIIJKAIBAAKCAgEA0BqzA3EVNZAPBFYJjJbMRlg+xyvogAiwulgMFIDfew2vAe45\nLz0RJ9+7IS5rX5r5/dXByDC4iQ26W02abF3i8+oXqn2nTbNgiRnyKsiWhR+FoP/0\nBD2FnxLoz3WZzFMrA6Mr2phXNyKmDbelguQEBsF8qMXp9kDg0FgIIXWKpIFqftJt\n3q3JX8wndv4ekn5QkIe3jOQz9TKEAAWr1SgJx1LZ9pCuaXHmfbjw7rE+3FpmIZGb\nbSeoNA5HTHrQDoOq9yiiWa7eghA3frW/NM5VyBlMlOICB4tcsS+CTY8WSGds32H8\nQEL24f3lmfbkUjAOW6AZp9CJbxbKJP2554zMIIkLExwDn+RdfA14XeSPg6Nkox3M\nbqrkSQFUA+xT7PhkCVcl8ndCeE0WfkdrglR1u8znJieSqACS39TcqmJHaL5dZ8pW\nTEQDG8Eg/0iT6JtyLdrNkRODXY7q92hN18v5Nqa2BX5B8ua2+u/k3qi8B+PV4EJ8\ndfKUfeAtNjAljr8dK6DmILf1s7W3y4rVmWngG0mDb1AqFybv1Jx02RHZkSjg4q9u\ncXItidqfdwWvHx9s2l3VfcE/+8Mbj1mgPlZSHEmObxEfaE6l+KOHqZBPTqBBx0rs\nzrQ5hk4oKCC8lu7Yo8p6NIUdYR3DLz9iGaF3upDb+3e47/6/2E3K2gsoZd0CAwEA\nAQKCAgBwzHgJvorTfKFXJVeJt9dDreNhTAB7HbrFVqI9ntkDtxgMQNcILt6UsWWa\nB7I1oSguGWYvH5F24FUJ1leEs6MnuNRZGkDMEhWaWtDztcQ4pixlZzcZ8UrzPWmp\nwcG6ib3/+7rygq6LeSFuwANbnkI8czYhuR0m2GXDKGRH1pFut6NE2MSq9aH4Zg1i\nJz3lA8ihfp7UJIGxP09jP6+zGz+ppdP1HNkc2JspvEwD5VkAUZOYUHdhxCQdCzxE\nTTFnHKFX1NOjLvD2qNmbueHJOqouiuACtzqIYla8x9amOY/HcSAHOPJk1qdBOcDx\nIm0By4CM04v0dUl5SG4LfOf+hUfCxInd9mOC/tL6tP+oGUk1NDj8XYiYSeTPHRJG\nRAfR8QXH4rFwjmy/0gsgFMLEwWGYk4bBB4a8i44+DyimcovOJNZTc64CHrcdfnmw\ntch8IAGf0RSs4juZ8Pcv6p0Z7JPJBj3nHxHKw8MD/LDH5SfbYGttC7VxYQ2RFKEl\nmn5pCA+YgJHsovCJ76hg6kVG/unDZ9mUrCXDwpX4DXM6vTuhBkKGG3t1x6ZJp0pz\nA2a5VnDCs3sXVgOC2TBD9uReHeBCPajhzFI8+t5j41kpf6LDWW76YMh4teElBuJf\nmvKw1ydXEjdjgJDG/vCYixF8S5itXSEXvLTnLSOKFAcl1OF3YQKCAQEA3zzYFz2v\nAEKAwlUx9/+zmrA80x3q52+Jk2wY2y3KxW9zQt994GnAHkdCBiO9fITtezRC3Ejq\nRpjRr2N2qEjDK+7Od2v4iriTf38izYRgBu+7PVjdWDb8uIrI6zqU7MgQJPzdG4vK\nHeRNOOXiKGs7AQ43Qfdadr114QtVXazL5gYpajUBirrL91L65IwcrvtnbtHXCLXr\njl42md7XjzjjyDmwgza7A6slngzTl8phuafyzS6VJ6iTEjQO+AYBE5byfIgGjrZs\n5q7pqgG+L44YtI/e/w+xX0AHnSCjLJ2SYIscq/CJNgIjT5I1zGXMp2jwc/yyOryw\ncEH/lO/uHQsiFQKCAQEA7qVJR1ZO2SbL7pDmBxZIw1b9mQSIsHVwhm80jOvynXEu\nieCaTz8uXYfAkagYhoSZYsL56AiDgJPnjVn4s/1jSczwPETWDp9ugpkylOx7NVV1\nTEx/KQA7aqo68WlGejrJ28cHIJlOJ2WQtdvsCNxft+M+YSKiwVc+LKXHZl2NbA6F\nvXWbs1JviUdmmYteN0fvZAmEzxB9QjT2777x+gnP/dxxYbrQLEBa9SIP2ocVsuS6\nVa6QNdTjsgcYF+t6rkXApmWTRZuVqZ8pTzsYLPWCTyh26qmGtEwcrKM+QwJ5VwUM\np075NJk5H4j+CPRkdmaPF5Yj2+pBFYfnyXjRtlrOqQKCAQBGD3piEOHTWwu98a70\n/jMH4Te1qjYG3GJ4+fvzDbQNsqSh4DJJM+cvmX2HH8BgS/ecKxKwv9GGxn9IZBbh\nSbS3HQN/R0uBfdwMr4Hkrh7VDnfdEP6mqNs3r5bO/Fuw1Dj84r8h3gVYzEXQDZWk\nycKC2ktNUKv7iApuznfEJm73igeFZY1OVMGepVRIVhDKeexEQ2cRPMbor3jDYcSV\nFm2mcTSMeajHxfbQW4YspT92XNc+vdfh0m4V0HDCNmAwHbeMjcRBFc+ntk1vJYzi\nr93hDSYXNn2cPyQklBGh9vHxirc83wixAorCdkicFXbdM3oDbNMizAUztgLYY1R/\nmPbhAoIBAQDEWOe2svNCxSHq0fsAf7w0RAF5AXr5PFbttNdWztaZ5UJ2HH65jvE1\n8Phmnxg2rSiKUoNM/pw7kPVlnk36wRMM6HoMDFLWSySgfS1ZzEv+8KYGtbW15UP9\nmbvPXl+nN3FXyyQ5FQlxbqYmiqBkFfUHFgf/4YBpdL9p+qfZuEUgT76HyBjn7H5q\nQ33N/RXyg9QZyZ8kwptcerllPgRXRfWEF/iNgSfAEN8FaxYCJTycKIaK8ooiUFta\n4W1YWN1iP2+nOFF4Zu83VQWm86cLbp/dQxy8K+jxtOGuxMz4UzPEfhoQGfD97sdK\nA+uHMJTruawnqtcsHEuaTGxPnoFk+MepAoIBAG5KhoBPghD/JBQtCv10rWbF2Cji\nc2DxU4+zsulamfDY/00+Q0nS8uqnN7Q5/Pp+dCz3Wp1lyaAsfxoiEgVxH1FwKScO\niKWehEnQhixLoBuJjqxVl9xEXhVW7w6UDdSSO/wKT4fxvX+8b6DP+3LL81KPFY36\n/Y8hh4chOmj7conYAPVO6puRCfC0rbvBLzbP/8gYBuIegcl6GUKOYc5VlcIOD8zZ\nc7zReEKXWj2y8jBkFGVP1/v+5hKpgNWUu5Vio9vm4ISFH8xd3qFWv0F5N/RZKXgk\npmkwrB87GIRBK8p3o+irI4P75Y4m1MM/DtU2sPvvbwdJS4XK7ny+drT4eRw=\n-----END RSA PRIVATE KEY-----\n",
            "private_key_pem_pkcs8": "-----BEGIN PRIVATE KEY-----\nMIIJQgIBADANBgkqhkiG9w0BAQEFAASCCSwwggkoAgEAAoICAQDQGrMDcRU1kA8E\nVgmMlsxGWD7HK+iACLC6WAwUgN97Da8B7jkvPREn37shLmtfmvn91cHIMLiJDbpb\nTZpsXeLz6heqfadNs2CJGfIqyJaFH4Wg//QEPYWfEujPdZnMUysDoyvamFc3IqYN\nt6WC5AQGwXyoxen2QODQWAghdYqkgWp+0m3erclfzCd2/h6SflCQh7eM5DP1MoQA\nBavVKAnHUtn2kK5pceZ9uPDusT7cWmYhkZttJ6g0DkdMetAOg6r3KKJZrt6CEDd+\ntb80zlXIGUyU4gIHi1yxL4JNjxZIZ2zfYfxAQvbh/eWZ9uRSMA5boBmn0IlvFsok\n/bnnjMwgiQsTHAOf5F18DXhd5I+Do2SjHcxuquRJAVQD7FPs+GQJVyXyd0J4TRZ+\nR2uCVHW7zOcmJ5KoAJLf1NyqYkdovl1nylZMRAMbwSD/SJPom3It2s2RE4Ndjur3\naE3Xy/k2prYFfkHy5rb67+TeqLwH49XgQnx18pR94C02MCWOvx0roOYgt/WztbfL\nitWZaeAbSYNvUCoXJu/UnHTZEdmRKODir25xci2J2p93Ba8fH2zaXdV9wT/7wxuP\nWaA+VlIcSY5vER9oTqX4o4epkE9OoEHHSuzOtDmGTigoILyW7tijyno0hR1hHcMv\nP2IZoXe6kNv7d7jv/r/YTcraCyhl3QIDAQABAoICAHDMeAm+itN8oVclV4m310Ot\n42FMAHsdusVWoj2e2QO3GAxA1wgu3pSxZZoHsjWhKC4ZZi8fkXbgVQnWV4Szoye4\n1FkaQMwSFZpa0PO1xDimLGVnNxnxSvM9aanBwbqJvf/7uvKCrot5IW7AA1ueQjxz\nNiG5HSbYZcMoZEfWkW63o0TYxKr1ofhmDWInPeUDyKF+ntQkgbE/T2M/r7MbP6ml\n0/Uc2RzYmym8TAPlWQBRk5hQd2HEJB0LPERNMWccoVfU06Mu8Pao2Zu54ck6qi6K\n4AK3OohiVrzH1qY5j8dxIAc48mTWp0E5wPEibQHLgIzTi/R1SXlIbgt85/6FR8LE\nid32Y4L+0vq0/6gZSTU0OPxdiJhJ5M8dEkZEB9HxBcfisXCObL/SCyAUwsTBYZiT\nhsEHhryLjj4PKKZyi84k1lNzrgIetx1+ebC1yHwgAZ/RFKziO5nw9y/qnRnsk8kG\nPecfEcrDwwP8sMflJ9tga20LtXFhDZEUoSWafmkID5iAkeyi8InvqGDqRUb+6cNn\n2ZSsJcPClfgNczq9O6EGQoYbe3XHpkmnSnMDZrlWcMKzexdWA4LZMEP25F4d4EI9\nqOHMUjz63mPjWSl/osNZbvpgyHi14SUG4l+a8rDXJ1cSN2OAkMb+8JiLEXxLmK1d\nIRe8tOctI4oUByXU4XdhAoIBAQDfPNgXPa8AQoDCVTH3/7OasDzTHernb4mTbBjb\nLcrFb3NC333gacAeR0IGI718hO17NELcSOpGmNGvY3aoSMMr7s53a/iKuJN/fyLN\nhGAG77s9WN1YNvy4isjrOpTsyBAk/N0bi8od5E045eIoazsBDjdB91p2vXXhC1Vd\nrMvmBilqNQGKusv3UvrkjByu+2du0dcIteuOXjaZ3tePOOPIObCDNrsDqyWeDNOX\nymG5p/LNLpUnqJMSNA74BgETlvJ8iAaOtmzmrumqAb4vjhi0j97/D7FfQAedIKMs\nnZJgixyr8Ik2AiNPkjXMZcynaPBz/LI6vLBwQf+U7+4dCyIVAoIBAQDupUlHVk7Z\nJsvukOYHFkjDVv2ZBIiwdXCGbzSM6/KdcS6J4JpPPy5dh8CRqBiGhJliwvnoCIOA\nk+eNWfiz/WNJzPA8RNYOn26CmTKU7Hs1VXVMTH8pADtqqjrxaUZ6OsnbxwcgmU4n\nZZC12+wI3F+34z5hIqLBVz4spcdmXY1sDoW9dZuzUm+JR2aZi143R+9kCYTPEH1C\nNPbvvvH6Cc/93HFhutAsQFr1Ig/ahxWy5LpVrpA11OOyBxgX63quRcCmZZNFm5Wp\nnylPOxgs9YJPKHbqqYa0TBysoz5DAnlXBQynTvk0mTkfiP4I9GR2Zo8XliPb6kEV\nh+fJeNG2Ws6pAoIBAEYPemIQ4dNbC73xrvT+MwfhN7WqNgbcYnj5+/MNtA2ypKHg\nMkkz5y+ZfYcfwGBL95wrErC/0YbGf0hkFuFJtLcdA39HS4F93AyvgeSuHtUOd90Q\n/qao2zevls78W7DUOPzivyHeBVjMRdANlaTJwoLaS01Qq/uICm7Od8QmbveKB4Vl\njU5UwZ6lVEhWEMp57ERDZxE8xuiveMNhxJUWbaZxNIx5qMfF9tBbhiylP3Zc1z69\n1+HSbhXQcMI2YDAdt4yNxEEVz6e2TW8ljOKv3eENJhc2fZw/JCSUEaH28fGKtzzf\nCLECisJ2SJwVdt0zegNs0yLMBTO2AthjVH+Y9uECggEBAMRY57ay80LFIerR+wB/\nvDREAXkBevk8Vu2011bO1pnlQnYcfrmO8TXw+GafGDatKIpSg0z+nDuQ9WWeTfrB\nEwzoegwMUtZLJKB9LVnMS/7wpga1tbXlQ/2Zu89eX6c3cVfLJDkVCXFupiaKoGQV\n9QcWB//hgGl0v2n6p9m4RSBPvofIGOfsfmpDfc39FfKD1BnJnyTCm1x6uWU+BFdF\n9YQX+I2BJ8AQ3wVrFgIlPJwohoryiiJQW1rhbVhY3WI/b6c4UXhm7zdVBabzpwtu\nn91DHLwr6PG04a7EzPhTM8R+GhAZ8P3ux0oD64cwlOu5rCeq1ywcS5pMbE+egWT4\nx6kCggEAbkqGgE+CEP8kFC0K/XStZsXYKOJzYPFTj7Oy6VqZ8Nj/TT5DSdLy6qc3\ntDn8+n50LPdanWXJoCx/GiISBXEfUXApJw6IpZ6ESdCGLEugG4mOrFWX3EReFVbv\nDpQN1JI7/ApPh/G9f7xvoM/7csvzUo8Vjfr9jyGHhyE6aPtyidgA9U7qm5EJ8LSt\nu8EvNs//yBgG4h6ByXoZQo5hzlWVwg4PzNlzvNF4QpdaPbLyMGQUZU/X+/7mEqmA\n1ZS7lWKj2+bghIUfzF3eoVa/QXk39FkpeCSmaTCsHzsYhEErynej6Ksjg/vljibU\nwz8O1Taw++9vB0lLhcrufL52tPh5HA==\n-----END PRIVATE KEY-----\n",
            "public_key_fingerprint_md5": "a1:b4:70:f5:a2:10:40:c5:1c:e4:01:b6:6e:b2:7e:34",
            "public_key_fingerprint_sha256": "SHA256:ENLxLgRAjb5KgnJ1LF9H4UxrV4L4FWdKnfM8kXe3Llw",
            "public_key_openssh": "ssh-rsa AAAAB3NzaC1yc2EAAAADAQABAAACAQDQGrMDcRU1kA8EVgmMlsxGWD7HK+iACLC6WAwUgN97Da8B7jkvPREn37shLmtfmvn91cHIMLiJDbpbTZpsXeLz6heqfadNs2CJGfIqyJaFH4Wg//QEPYWfEujPdZnMUysDoyvamFc3IqYNt6WC5AQGwXyoxen2QODQWAghdYqkgWp+0m3erclfzCd2/h6SflCQh7eM5DP1MoQABavVKAnHUtn2kK5pceZ9uPDusT7cWmYhkZttJ6g0DkdMetAOg6r3KKJZrt6CEDd+tb80zlXIGUyU4gIHi1yxL4JNjxZIZ2zfYfxAQvbh/eWZ9uRSMA5boBmn0IlvFsok/bnnjMwgiQsTHAOf5F18DXhd5I+Do2SjHcxuquRJAVQD7FPs+GQJVyXyd0J4TRZ+R2uCVHW7zOcmJ5KoAJLf1NyqYkdovl1nylZMRAMbwSD/SJPom3It2s2RE4Ndjur3aE3Xy/k2prYFfkHy5rb67+TeqLwH49XgQnx18pR94C02MCWOvx0roOYgt/WztbfLitWZaeAbSYNvUCoXJu/UnHTZEdmRKODir25xci2J2p93Ba8fH2zaXdV9wT/7wxuPWaA+VlIcSY5vER9oTqX4o4epkE9OoEHHSuzOtDmGTigoILyW7tijyno0hR1hHcMvP2IZoXe6kNv7d7jv/r/YTcraCyhl3Q==\n",
            "public_key_pem": "-----BEGIN PUBLIC KEY-----\nMIICIjANBgkqhkiG9w0BAQEFAAOCAg8AMIICCgKCAgEA0BqzA3EVNZAPBFYJjJbM\nRlg+xyvogAiwulgMFIDfew2vAe45Lz0RJ9+7IS5rX5r5/dXByDC4iQ26W02abF3i\n8+oXqn2nTbNgiRnyKsiWhR+FoP/0BD2FnxLoz3WZzFMrA6Mr2phXNyKmDbelguQE\nBsF8qMXp9kDg0FgIIXWKpIFqftJt3q3JX8wndv4ekn5QkIe3jOQz9TKEAAWr1SgJ\nx1LZ9pCuaXHmfbjw7rE+3FpmIZGbbSeoNA5HTHrQDoOq9yiiWa7eghA3frW/NM5V\nyBlMlOICB4tcsS+CTY8WSGds32H8QEL24f3lmfbkUjAOW6AZp9CJbxbKJP2554zM\nIIkLExwDn+RdfA14XeSPg6Nkox3MbqrkSQFUA+xT7PhkCVcl8ndCeE0WfkdrglR1\nu8znJieSqACS39TcqmJHaL5dZ8pWTEQDG8Eg/0iT6JtyLdrNkRODXY7q92hN18v5\nNqa2BX5B8ua2+u/k3qi8B+PV4EJ8dfKUfeAtNjAljr8dK6DmILf1s7W3y4rVmWng\nG0mDb1AqFybv1Jx02RHZkSjg4q9ucXItidqfdwWvHx9s2l3VfcE/+8Mbj1mgPlZS\nHEmObxEfaE6l+KOHqZBPTqBBx0rszrQ5hk4oKCC8lu7Yo8p6NIUdYR3DLz9iGaF3\nupDb+3e47/6/2E3K2gsoZd0CAwEAAQ==\n-----END PUBLIC KEY-----\n",
            "rsa_bits": 4096
          },
          "sensitive_attributes": []
        }
      ]
    }
  ],
  "check_results": []
}
